
Microsoft Visual Studio Solution File, Format Version 12.00
# Visual Studio Version 17
VisualStudioVersion = 17.10.35027.167
MinimumVisualStudioVersion = 10.0.40219.1
Project("{FAE04EC0-301F-11D3-BF4B-00C04F79EFBC}") = "meteo", "meteo.csproj", "{66F1B681-AA73-48A5-9742-7E0FABAF1ACF}"
EndProject
Global
	GlobalSection(SolutionConfigurationPlatforms) = preSolution
		Debug|Any CPU = Debug|Any CPU
		Release|Any CPU = Release|Any CPU
	EndGlobalSection
	GlobalSection(ProjectConfigurationPlatforms) = postSolution
		{66F1B681-AA73-48A5-9742-7E0FABAF1ACF}.Debug|Any CPU.ActiveCfg = Debug|Any CPU
		{66F1B681-AA73-48A5-9742-7E0FABAF1ACF}.Debug|Any CPU.Build.0 = Debug|Any CPU
		{66F1B681-AA73-48A5-9742-7E0FABAF1ACF}.Release|Any CPU.ActiveCfg = Release|Any CPU
		{66F1B681-AA73-48A5-9742-7E0FABAF1ACF}.Release|Any CPU.Build.0 = Release|Any CPU
	EndGlobalSection
	GlobalSection(SolutionProperties) = preSolution
		HideSolutionNode = FALSE
	EndGlobalSection
	GlobalSection(ExtensibilityGlobals) = postSolution
		SolutionGuid = {AD41064E-61DC-4F42-AB8F-412DDD6D7311}
	EndGlobalSection
EndGlobal
